
Microsoft Visual Studio Solution File, Format Version 12.00
# Visual Studio Version 17
VisualStudioVersion = 17.9.34616.47
MinimumVisualStudioVersion = 10.0.40219.1
Project("{9A19103F-16F7-4668-BE54-9A1E7A4F7556}") = "BusinessObject", "BusinessObjects\BusinessObject.csproj", "{9625AEDF-9739-4C81-9D5E-7D8709550C26}"
EndProject
Project("{9A19103F-16F7-4668-BE54-9A1E7A4F7556}") = "DataAccess", "DataAccess\DataAccess.csproj", "{8A2826A2-51F9-4AAD-AD13-A271B60D2756}"
EndProject
Project("{9A19103F-16F7-4668-BE54-9A1E7A4F7556}") = "WPFApp", "WpfApp\WPFApp.csproj", "{EF69206D-EB60-42FC-98CD-03F5BAB5598F}"
EndProject
Global
	GlobalSection(SolutionConfigurationPlatforms) = preSolution
		Debug|Any CPU = Debug|Any CPU
		Release|Any CPU = Release|Any CPU
	EndGlobalSection
	GlobalSection(ProjectConfigurationPlatforms) = postSolution
		{9625AEDF-9739-4C81-9D5E-7D8709550C26}.Debug|Any CPU.ActiveCfg = Debug|Any CPU
		{9625AEDF-9739-4C81-9D5E-7D8709550C26}.Debug|Any CPU.Build.0 = Debug|Any CPU
		{9625AEDF-9739-4C81-9D5E-7D8709550C26}.Release|Any CPU.ActiveCfg = Release|Any CPU
		{9625AEDF-9739-4C81-9D5E-7D8709550C26}.Release|Any CPU.Build.0 = Release|Any CPU
		{8A2826A2-51F9-4AAD-AD13-A271B60D2756}.Debug|Any CPU.ActiveCfg = Debug|Any CPU
		{8A2826A2-51F9-4AAD-AD13-A271B60D2756}.Debug|Any CPU.Build.0 = Debug|Any CPU
		{8A2826A2-51F9-4AAD-AD13-A271B60D2756}.Release|Any CPU.ActiveCfg = Release|Any CPU
		{8A2826A2-51F9-4AAD-AD13-A271B60D2756}.Release|Any CPU.Build.0 = Release|Any CPU
		{EF69206D-EB60-42FC-98CD-03F5BAB5598F}.Debug|Any CPU.ActiveCfg = Debug|Any CPU
		{EF69206D-EB60-42FC-98CD-03F5BAB5598F}.Debug|Any CPU.Build.0 = Debug|Any CPU
		{EF69206D-EB60-42FC-98CD-03F5BAB5598F}.Release|Any CPU.ActiveCfg = Release|Any CPU
		{EF69206D-EB60-42FC-98CD-03F5BAB5598F}.Release|Any CPU.Build.0 = Release|Any CPU
	EndGlobalSection
	GlobalSection(SolutionProperties) = preSolution
		HideSolutionNode = FALSE
	EndGlobalSection
	GlobalSection(ExtensibilityGlobals) = postSolution
		SolutionGuid = {52EBD7B8-7246-444B-9972-5F6342A29F24}
	EndGlobalSection
EndGlobal
